// !$*UTF8*$!
{
	archiveVersion = 1;
	classes = {
	};
	objectVersion = 51;
	objects = {

/* Begin PBXBuildFile section */
		086614CC872E06F624E14614 /* Pods_alisverisSepetim.framework in Frameworks */ = {isa = PBXBuildFile; fileRef = 2AA17ADA3741150307062EBA /* Pods_alisverisSepetim.framework */; };
		66218DD125C0A9A70000A84F /* ProductTableViewController.swift in Sources */ = {isa = PBXBuildFile; fileRef = 66218DD025C0A9A70000A84F /* ProductTableViewController.swift */; };
		66218DD625C0BCC70000A84F /* ProductCell.swift in Sources */ = {isa = PBXBuildFile; fileRef = 66218DD525C0BCC70000A84F /* ProductCell.swift */; };
		662691D125C2245E00FDC880 /* shoppingAnimation.json in Resources */ = {isa = PBXBuildFile; fileRef = 662691D025C2245E00FDC880 /* shoppingAnimation.json */; };
		66D873A025BC4CE300ADA768 /* AppDelegate.swift in Sources */ = {isa = PBXBuildFile; fileRef = 66D8739F25BC4CE300ADA768 /* AppDelegate.swift */; };
		66D873A225BC4CE300ADA768 /* SceneDelegate.swift in Sources */ = {isa = PBXBuildFile; fileRef = 66D873A125BC4CE300ADA768 /* SceneDelegate.swift */; };
		66D873A425BC4CE300ADA768 /* ViewController.swift in Sources */ = {isa = PBXBuildFile; fileRef = 66D873A325BC4CE300ADA768 /* ViewController.swift */; };
		66D873A725BC4CE300ADA768 /* Main.storyboard in Resources */ = {isa = PBXBuildFile; fileRef = 66D873A525BC4CE300ADA768 /* Main.storyboard */; };
		66D873A925BC4CE600ADA768 /* Assets.xcassets in Resources */ = {isa = PBXBuildFile; fileRef = 66D873A825BC4CE600ADA768 /* Assets.xcassets */; };
		66D873AC25BC4CE600ADA768 /* LaunchScreen.storyboard in Resources */ = {isa = PBXBuildFile; fileRef = 66D873AA25BC4CE600ADA768 /* LaunchScreen.storyboard */; };
		66D873B825BC4EC600ADA768 /* DataBase.swift in Sources */ = {isa = PBXBuildFile; fileRef = 66D873B725BC4EC600ADA768 /* DataBase.swift */; };
		66D873BF25BC54C700ADA768 /* Comfortaa-VariableFont_wght.ttf in Resources */ = {isa = PBXBuildFile; fileRef = 66D873BE25BC54C700ADA768 /* Comfortaa-VariableFont_wght.ttf */; };
/* End PBXBuildFile section */

/* Begin PBXFileReference section */
		2AA17ADA3741150307062EBA /* Pods_alisverisSepetim.framework */ = {isa = PBXFileReference; explicitFileType = wrapper.framework; includeInIndex = 0; path = Pods_alisverisSepetim.framework; sourceTree = BUILT_PRODUCTS_DIR; };
		5C2E3052CC8C17C254F21EBF /* Pods-alisverisSepetim.debug.xcconfig */ = {isa = PBXFileReference; includeInIndex = 1; lastKnownFileType = text.xcconfig; name = "Pods-alisverisSepetim.debug.xcconfig"; path = "Target Support Files/Pods-alisverisSepetim/Pods-alisverisSepetim.debug.xcconfig"; sourceTree = "<group>"; };
		66218DD025C0A9A70000A84F /* ProductTableViewController.swift */ = {isa = PBXFileReference; lastKnownFileType = sourcecode.swift; path = ProductTableViewController.swift; sourceTree = "<group>"; };
		66218DD525C0BCC70000A84F /* ProductCell.swift */ = {isa = PBXFileReference; lastKnownFileType = sourcecode.swift; path = ProductCell.swift; sourceTree = "<group>"; };
		662691D025C2245E00FDC880 /* shoppingAnimation.json */ = {isa = PBXFileReference; fileEncoding = 4; lastKnownFileType = text.json; path = shoppingAnimation.json; sourceTree = "<group>"; };
		66D8739C25BC4CE300ADA768 /* alisverisSepetim.app */ = {isa = PBXFileReference; explicitFileType = wrapper.application; includeInIndex = 0; path = alisverisSepetim.app; sourceTree = BUILT_PRODUCTS_DIR; };
		66D8739F25BC4CE300ADA768 /* AppDelegate.swift */ = {isa = PBXFileReference; lastKnownFileType = sourcecode.swift; path = AppDelegate.swift; sourceTree = "<group>"; };
		66D873A125BC4CE300ADA768 /* SceneDelegate.swift */ = {isa = PBXFileReference; lastKnownFileType = sourcecode.swift; path = SceneDelegate.swift; sourceTree = "<group>"; };
		66D873A325BC4CE300ADA768 /* ViewController.swift */ = {isa = PBXFileReference; lastKnownFileType = sourcecode.swift; path = ViewController.swift; sourceTree = "<group>"; };
		66D873A625BC4CE300ADA768 /* Base */ = {isa = PBXFileReference; lastKnownFileType = file.storyboard; name = Base; path = Base.lproj/Main.storyboard; sourceTree = "<group>"; };
		66D873A825BC4CE600ADA768 /* Assets.xcassets */ = {isa = PBXFileReference; lastKnownFileType = folder.assetcatalog; path = Assets.xcassets; sourceTree = "<group>"; };
		66D873AB25BC4CE600ADA768 /* Base */ = {isa = PBXFileReference; lastKnownFileType = file.storyboard; name = Base; path = Base.lproj/LaunchScreen.storyboard; sourceTree = "<group>"; };
		66D873AD25BC4CE600ADA768 /* Info.plist */ = {isa = PBXFileReference; lastKnownFileType = text.plist.xml; path = Info.plist; sourceTree = "<group>"; };
		66D873B725BC4EC600ADA768 /* DataBase.swift */ = {isa = PBXFileReference; lastKnownFileType = sourcecode.swift; path = DataBase.swift; sourceTree = "<group>"; };
		66D873BE25BC54C700ADA768 /* Comfortaa-VariableFont_wght.ttf */ = {isa = PBXFileReference; lastKnownFileType = file; path = "Comfortaa-VariableFont_wght.ttf"; sourceTree = "<group>"; };
		AF05EDAC245E7541016AE93C /* Pods-alisverisSepetim.release.xcconfig */ = {isa = PBXFileReference; includeInIndex = 1; lastKnownFileType = text.xcconfig; name = "Pods-alisverisSepetim.release.xcconfig"; path = "Target Support Files/Pods-alisverisSepetim/Pods-alisverisSepetim.release.xcconfig"; sourceTree = "<group>"; };
/* End PBXFileReference section */

/* Begin PBXFrameworksBuildPhase section */
		66D8739925BC4CE300ADA768 /* Frameworks */ = {
			isa = PBXFrameworksBuildPhase;
			buildActionMask = 2147483647;
			files = (
				086614CC872E06F624E14614 /* Pods_alisverisSepetim.framework in Frameworks */,
			);
			runOnlyForDeploymentPostprocessing = 0;
		};
/* End PBXFrameworksBuildPhase section */

/* Begin PBXGroup section */
		21BDEC974C7A714342DD5641 /* Frameworks */ = {
			isa = PBXGroup;
			children = (
				2AA17ADA3741150307062EBA /* Pods_alisverisSepetim.framework */,
			);
			name = Frameworks;
			sourceTree = "<group>";
		};
		6626919625C1A7DC00FDC880 /* Animations */ = {
			isa = PBXGroup;
			children = (
				662691D025C2245E00FDC880 /* shoppingAnimation.json */,
			);
			path = Animations;
			sourceTree = "<group>";
		};
		66D8739325BC4CE300ADA768 = {
			isa = PBXGroup;
			children = (
				66D8739E25BC4CE300ADA768 /* alisverisSepetim */,
				66D8739D25BC4CE300ADA768 /* Products */,
				E07CA69EBD5327A3B4D87296 /* Pods */,
				21BDEC974C7A714342DD5641 /* Frameworks */,
			);
			sourceTree = "<group>";
		};
		66D8739D25BC4CE300ADA768 /* Products */ = {
			isa = PBXGroup;
			children = (
				66D8739C25BC4CE300ADA768 /* alisverisSepetim.app */,
			);
			name = Products;
			sourceTree = "<group>";
		};
		66D8739E25BC4CE300ADA768 /* alisverisSepetim */ = {
			isa = PBXGroup;
			children = (
				66D8739F25BC4CE300ADA768 /* AppDelegate.swift */,
				66D873A125BC4CE300ADA768 /* SceneDelegate.swift */,
				66D873A325BC4CE300ADA768 /* ViewController.swift */,
				66218DD025C0A9A70000A84F /* ProductTableViewController.swift */,
				66218DD525C0BCC70000A84F /* ProductCell.swift */,
				66D873B725BC4EC600ADA768 /* DataBase.swift */,
				66D873A525BC4CE300ADA768 /* Main.storyboard */,
				66D873A825BC4CE600ADA768 /* Assets.xcassets */,
				66D873AA25BC4CE600ADA768 /* LaunchScreen.storyboard */,
				66D873AD25BC4CE600ADA768 /* Info.plist */,
				6626919625C1A7DC00FDC880 /* Animations */,
				66D873BA25BC513100ADA768 /* FontStyle */,
			);
			path = alisverisSepetim;
			sourceTree = "<group>";
		};
		66D873BA25BC513100ADA768 /* FontStyle */ = {
			isa = PBXGroup;
			children = (
				66D873BE25BC54C700ADA768 /* Comfortaa-VariableFont_wght.ttf */,
			);
			path = FontStyle;
			sourceTree = "<group>";
		};
		E07CA69EBD5327A3B4D87296 /* Pods */ = {
			isa = PBXGroup;
			children = (
				5C2E3052CC8C17C254F21EBF /* Pods-alisverisSepetim.debug.xcconfig */,
				AF05EDAC245E7541016AE93C /* Pods-alisverisSepetim.release.xcconfig */,
			);
			path = Pods;
			sourceTree = "<group>";
		};
/* End PBXGroup section */

/* Begin PBXNativeTarget section */
		66D8739B25BC4CE300ADA768 /* alisverisSepetim */ = {
			isa = PBXNativeTarget;
			buildConfigurationList = 66D873B025BC4CE600ADA768 /* Build configuration list for PBXNativeTarget "alisverisSepetim" */;
			buildPhases = (
				92C458A40D9F1495AD554A4C /* [CP] Check Pods Manifest.lock */,
				66D8739825BC4CE300ADA768 /* Sources */,
				66D8739925BC4CE300ADA768 /* Frameworks */,
				66D8739A25BC4CE300ADA768 /* Resources */,
				85D7D36939C11BF003B0C4B7 /* [CP] Embed Pods Frameworks */,
			);
			buildRules = (
			);
			dependencies = (
			);
			name = alisverisSepetim;
			productName = alisverisSepetim;
			productReference = 66D8739C25BC4CE300ADA768 /* alisverisSepetim.app */;
			productType = "com.apple.product-type.application";
		};
/* End PBXNativeTarget section */

/* Begin PBXProject section */
		66D8739425BC4CE300ADA768 /* Project object */ = {
			isa = PBXProject;
			attributes = {
				LastSwiftUpdateCheck = 1220;
				LastUpgradeCheck = 1220;
				TargetAttributes = {
					66D8739B25BC4CE300ADA768 = {
						CreatedOnToolsVersion = 12.2;
					};
				};
			};
			buildConfigurationList = 66D8739725BC4CE300ADA768 /* Build configuration list for PBXProject "alisverisSepetim" */;
			compatibilityVersion = "Xcode 9.3";
			developmentRegion = en;
			hasScannedForEncodings = 0;
			knownRegions = (
				en,
				Base,
			);
			mainGroup = 66D8739325BC4CE300ADA768;
			productRefGroup = 66D8739D25BC4CE300ADA768 /* Products */;
			projectDirPath = "";
			projectRoot = "";
			targets = (
				66D8739B25BC4CE300ADA768 /* alisverisSepetim */,
			);
		};
/* End PBXProject section */

/* Begin PBXResourcesBuildPhase section */
		66D8739A25BC4CE300ADA768 /* Resources */ = {
			isa = PBXResourcesBuildPhase;
			buildActionMask = 2147483647;
			files = (
				662691D125C2245E00FDC880 /* shoppingAnimation.json in Resources */,
				66D873AC25BC4CE600ADA768 /* LaunchScreen.storyboard in Resources */,
				66D873BF25BC54C700ADA768 /* Comfortaa-VariableFont_wght.ttf in Resources */,
				66D873A925BC4CE600ADA768 /* Assets.xcassets in Resources */,
				66D873A725BC4CE300ADA768 /* Main.storyboard in Resources */,
			);
			runOnlyForDeploymentPostprocessing = 0;
		};
/* End PBXResourcesBuildPhase section */

/* Begin PBXShellScriptBuildPhase section */
		85D7D36939C11BF003B0C4B7 /* [CP] Embed Pods Frameworks */ = {
			isa = PBXShellScriptBuildPhase;
			buildActionMask = 2147483647;
			files = (
			);
			inputFileListPaths = (
				"${PODS_ROOT}/Target Support Files/Pods-alisverisSepetim/Pods-alisverisSepetim-frameworks-${CONFIGURATION}-input-files.xcfilelist",
			);
			name = "[CP] Embed Pods Frameworks";
			outputFileListPaths = (
				"${PODS_ROOT}/Target Support Files/Pods-alisverisSepetim/Pods-alisverisSepetim-frameworks-${CONFIGURATION}-output-files.xcfilelist",
			);
			runOnlyForDeploymentPostprocessing = 0;
			shellPath = /bin/sh;
			shellScript = "\"${PODS_ROOT}/Target Support Files/Pods-alisverisSepetim/Pods-alisverisSepetim-frameworks.sh\"\n";
			showEnvVarsInLog = 0;
		};
		92C458A40D9F1495AD554A4C /* [CP] Check Pods Manifest.lock */ = {
			isa = PBXShellScriptBuildPhase;
			buildActionMask = 2147483647;
			files = (
			);
			inputFileListPaths = (
			);
			inputPaths = (
				"${PODS_PODFILE_DIR_PATH}/Podfile.lock",
				"${PODS_ROOT}/Manifest.lock",
			);
			name = "[CP] Check Pods Manifest.lock";
			outputFileListPaths = (
			);
			outputPaths = (
				"$(DERIVED_FILE_DIR)/Pods-alisverisSepetim-checkManifestLockResult.txt",
			);
			runOnlyForDeploymentPostprocessing = 0;
			shellPath = /bin/sh;
			shellScript = "diff \"${PODS_PODFILE_DIR_PATH}/Podfile.lock\" \"${PODS_ROOT}/Manifest.lock\" > /dev/null\nif [ $? != 0 ] ; then\n    # print error to STDERR\n    echo \"error: The sandbox is not in sync with the Podfile.lock. Run 'pod install' or update your CocoaPods installation.\" >&2\n    exit 1\nfi\n# This output is used by Xcode 'outputs' to avoid re-running this script phase.\necho \"SUCCESS\" > \"${SCRIPT_OUTPUT_FILE_0}\"\n";
			showEnvVarsInLog = 0;
		};
/* End PBXShellScriptBuildPhase section */

/* Begin PBXSourcesBuildPhase section */
		66D8739825BC4CE300ADA768 /* Sources */ = {
			isa = PBXSourcesBuildPhase;
			buildActionMask = 2147483647;
			files = (
				66D873A425BC4CE300ADA768 /* ViewController.swift in Sources */,
				66D873A025BC4CE300ADA768 /* AppDelegate.swift in Sources */,
				66D873B825BC4EC600ADA768 /* DataBase.swift in Sources */,
				66218DD625C0BCC70000A84F /* ProductCell.swift in Sources */,
				66D873A225BC4CE300ADA768 /* SceneDelegate.swift in Sources */,
				66218DD125C0A9A70000A84F /* ProductTableViewController.swift in Sources */,
			);
			runOnlyForDeploymentPostprocessing = 0;
		};
/* End PBXSourcesBuildPhase section */

/* Begin PBXVariantGroup section */
		66D873A525BC4CE300ADA768 /* Main.storyboard */ = {
			isa = PBXVariantGroup;
			children = (
				66D873A625BC4CE300ADA768 /* Base */,
			);
			name = Main.storyboard;
			sourceTree = "<group>";
		};
		66D873AA25BC4CE600ADA768 /* LaunchScreen.storyboard */ = {
			isa = PBXVariantGroup;
			children = (
				66D873AB25BC4CE600ADA768 /* Base */,
			);
			name = LaunchScreen.storyboard;
			sourceTree = "<group>";
		};
/* End PBXVariantGroup section */

/* Begin XCBuildConfiguration section */
		66D873AE25BC4CE600ADA768 /* Debug */ = {
			isa = XCBuildConfiguration;
			buildSettings = {
				ALWAYS_SEARCH_USER_PATHS = NO;
				CLANG_ANALYZER_NONNULL = YES;
				CLANG_ANALYZER_NUMBER_OBJECT_CONVERSION = YES_AGGRESSIVE;
				CLANG_CXX_LANGUAGE_STANDARD = "gnu++14";
				CLANG_CXX_LIBRARY = "libc++";
				CLANG_ENABLE_MODULES = YES;
				CLANG_ENABLE_OBJC_ARC = YES;
				CLANG_ENABLE_OBJC_WEAK = YES;
				CLANG_WARN_BLOCK_CAPTURE_AUTORELEASING = YES;
				CLANG_WARN_BOOL_CONVERSION = YES;
				CLANG_WARN_COMMA = YES;
				CLANG_WARN_CONSTANT_CONVERSION = YES;
				CLANG_WARN_DEPRECATED_OBJC_IMPLEMENTATIONS = YES;
				CLANG_WARN_DIRECT_OBJC_ISA_USAGE = YES_ERROR;
				CLANG_WARN_DOCUMENTATION_COMMENTS = YES;
				CLANG_WARN_EMPTY_BODY = YES;
				CLANG_WARN_ENUM_CONVERSION = YES;
				CLANG_WARN_INFINITE_RECURSION = YES;
				CLANG_WARN_INT_CONVERSION = YES;
				CLANG_WARN_NON_LITERAL_NULL_CONVERSION = YES;
				CLANG_WARN_OBJC_IMPLICIT_RETAIN_SELF = YES;
				CLANG_WARN_OBJC_LITERAL_CONVERSION = YES;
				CLANG_WARN_OBJC_ROOT_CLASS = YES_ERROR;
				CLANG_WARN_QUOTED_INCLUDE_IN_FRAMEWORK_HEADER = YES;
				CLANG_WARN_RANGE_LOOP_ANALYSIS = YES;
				CLANG_WARN_STRICT_PROTOTYPES = YES;
				CLANG_WARN_SUSPICIOUS_MOVE = YES;
				CLANG_WARN_UNGUARDED_AVAILABILITY = YES_AGGRESSIVE;
				CLANG_WARN_UNREACHABLE_CODE = YES;
				CLANG_WARN__DUPLICATE_METHOD_MATCH = YES;
				COPY_PHASE_STRIP = NO;
				DEBUG_INFORMATION_FORMAT = dwarf;
				ENABLE_STRICT_OBJC_MSGSEND = YES;
				ENABLE_TESTABILITY = YES;
				GCC_C_LANGUAGE_STANDARD = gnu11;
				GCC_DYNAMIC_NO_PIC = NO;
				GCC_NO_COMMON_BLOCKS = YES;
				GCC_OPTIMIZATION_LEVEL = 0;
				GCC_PREPROCESSOR_DEFINITIONS = (
					"DEBUG=1",
					"$(inherited)",
				);
				GCC_WARN_64_TO_32_BIT_CONVERSION = YES;
				GCC_WARN_ABOUT_RETURN_TYPE = YES_ERROR;
				GCC_WARN_UNDECLARED_SELECTOR = YES;
				GCC_WARN_UNINITIALIZED_AUTOS = YES_AGGRESSIVE;
				GCC_WARN_UNUSED_FUNCTION = YES;
				GCC_WARN_UNUSED_VARIABLE = YES;
				IPHONEOS_DEPLOYMENT_TARGET = 14.2;
				MTL_ENABLE_DEBUG_INFO = INCLUDE_SOURCE;
				MTL_FAST_MATH = YES;
				ONLY_ACTIVE_ARCH = YES;
				SDKROOT = iphoneos;
				SWIFT_ACTIVE_COMPILATION_CONDITIONS = DEBUG;
				SWIFT_OPTIMIZATION_LEVEL = "-Onone";
			};
			name = Debug;
		};
		66D873AF25BC4CE600ADA768 /* Release */ = {
			isa = XCBuildConfiguration;
			buildSettings = {
				ALWAYS_SEARCH_USER_PATHS = NO;
				CLANG_ANALYZER_NONNULL = YES;
				CLANG_ANALYZER_NUMBER_OBJECT_CONVERSION = YES_AGGRESSIVE;
				CLANG_CXX_LANGUAGE_STANDARD = "gnu++14";
				CLANG_CXX_LIBRARY = "libc++";
				CLANG_ENABLE_MODULES = YES;
				CLANG_ENABLE_OBJC_ARC = YES;
				CLANG_ENABLE_OBJC_WEAK = YES;
				CLANG_WARN_BLOCK_CAPTURE_AUTORELEASING = YES;
				CLANG_WARN_BOOL_CONVERSION = YES;
				CLANG_WARN_COMMA = YES;
				CLANG_WARN_CONSTANT_CONVERSION = YES;
				CLANG_WARN_DEPRECATED_OBJC_IMPLEMENTATIONS = YES;
				CLANG_WARN_DIRECT_OBJC_ISA_USAGE = YES_ERROR;
				CLANG_WARN_DOCUMENTATION_COMMENTS = YES;
				CLANG_WARN_EMPTY_BODY = YES;
				CLANG_WARN_ENUM_CONVERSION = YES;
				CLANG_WARN_INFINITE_RECURSION = YES;
				CLANG_WARN_INT_CONVERSION = YES;
				CLANG_WARN_NON_LITERAL_NULL_CONVERSION = YES;
				CLANG_WARN_OBJC_IMPLICIT_RETAIN_SELF = YES;
				CLANG_WARN_OBJC_LITERAL_CONVERSION = YES;
				CLANG_WARN_OBJC_ROOT_CLASS = YES_ERROR;
				CLANG_WARN_QUOTED_INCLUDE_IN_FRAMEWORK_HEADER = YES;
				CLANG_WARN_RANGE_LOOP_ANALYSIS = YES;
				CLANG_WARN_STRICT_PROTOTYPES = YES;
				CLANG_WARN_SUSPICIOUS_MOVE = YES;
				CLANG_WARN_UNGUARDED_AVAILABILITY = YES_AGGRESSIVE;
				CLANG_WARN_UNREACHABLE_CODE = YES;
				CLANG_WARN__DUPLICATE_METHOD_MATCH = YES;
				COPY_PHASE_STRIP = NO;
				DEBUG_INFORMATION_FORMAT = "dwarf-with-dsym";
				ENABLE_NS_ASSERTIONS = NO;
				ENABLE_STRICT_OBJC_MSGSEND = YES;
				GCC_C_LANGUAGE_STANDARD = gnu11;
				GCC_NO_COMMON_BLOCKS = YES;
				GCC_WARN_64_TO_32_BIT_CONVERSION = YES;
				GCC_WARN_ABOUT_RETURN_TYPE = YES_ERROR;
				GCC_WARN_UNDECLARED_SELECTOR = YES;
				GCC_WARN_UNINITIALIZED_AUTOS = YES_AGGRESSIVE;
				GCC_WARN_UNUSED_FUNCTION = YES;
				GCC_WARN_UNUSED_VARIABLE = YES;
				IPHONEOS_DEPLOYMENT_TARGET = 14.2;
				MTL_ENABLE_DEBUG_INFO = NO;
				MTL_FAST_MATH = YES;
				SDKROOT = iphoneos;
				SWIFT_COMPILATION_MODE = wholemodule;
				SWIFT_OPTIMIZATION_LEVEL = "-O";
				VALIDATE_PRODUCT = YES;
			};
			name = Release;
		};
		66D873B125BC4CE600ADA768 /* Debug */ = {
			isa = XCBuildConfiguration;
			baseConfigurationReference = 5C2E3052CC8C17C254F21EBF /* Pods-alisverisSepetim.debug.xcconfig */;
			buildSettings = {
				ASSETCATALOG_COMPILER_APPICON_NAME = AppIcon;
				ASSETCATALOG_COMPILER_GLOBAL_ACCENT_COLOR_NAME = AccentColor;
				CODE_SIGN_STYLE = Automatic;
				DEVELOPMENT_TEAM = 72N2689J99;
				INFOPLIST_FILE = alisverisSepetim/Info.plist;
				LD_RUNPATH_SEARCH_PATHS = (
					"$(inherited)",
					"@executable_path/Frameworks",
				);
				PRODUCT_BUNDLE_IDENTIFIER = com.study.zeynep.alisverisSepetim;
				PRODUCT_NAME = "$(TARGET_NAME)";
				SWIFT_VERSION = 5.0;
				TARGETED_DEVICE_FAMILY = "1,2";
			};
			name = Debug;
		};
		66D873B225BC4CE600ADA768 /* Release */ = {
			isa = XCBuildConfiguration;
			baseConfigurationReference = AF05EDAC245E7541016AE93C /* Pods-alisverisSepetim.release.xcconfig */;
			buildSettings = {
				ASSETCATALOG_COMPILER_APPICON_NAME = AppIcon;
				ASSETCATALOG_COMPILER_GLOBAL_ACCENT_COLOR_NAME = AccentColor;
				CODE_SIGN_STYLE = Automatic;
				DEVELOPMENT_TEAM = 72N2689J99;
				INFOPLIST_FILE = alisverisSepetim/Info.plist;
				LD_RUNPATH_SEARCH_PATHS = (
					"$(inherited)",
					"@executable_path/Frameworks",
				);
				PRODUCT_BUNDLE_IDENTIFIER = com.study.zeynep.alisverisSepetim;
				PRODUCT_NAME = "$(TARGET_NAME)";
				SWIFT_VERSION = 5.0;
				TARGETED_DEVICE_FAMILY = "1,2";
			};
			name = Release;
		};
/* End XCBuildConfiguration section */

/* Begin XCConfigurationList section */
		66D8739725BC4CE300ADA768 /* Build configuration list for PBXProject "alisverisSepetim" */ = {
			isa = XCConfigurationList;
			buildConfigurations = (
				66D873AE25BC4CE600ADA768 /* Debug */,
				66D873AF25BC4CE600ADA768 /* Release */,
			);
			defaultConfigurationIsVisible = 0;
			defaultConfigurationName = Release;
		};
		66D873B025BC4CE600ADA768 /* Build configuration list for PBXNativeTarget "alisverisSepetim" */ = {
			isa = XCConfigurationList;
			buildConfigurations = (
				66D873B125BC4CE600ADA768 /* Debug */,
				66D873B225BC4CE600ADA768 /* Release */,
			);
			defaultConfigurationIsVisible = 0;
			defaultConfigurationName = Release;
		};
/* End XCConfigurationList section */
	};
	rootObject = 66D8739425BC4CE300ADA768 /* Project object */;
}
